<Solution>
  <Project Path="AssetUtility/AssetUtility.shproj" Id="553a244d-969d-4054-8f55-26e9564faf23" />
  <Project Path="AutoTrader/AutoTrader.csproj" Id="23e9a211-26a1-4d49-be77-26119a40c275" />
  <Project Path="ColonistLimit/ColonistLimit.csproj" Id="fa7d212f-5616-4a78-b5c5-174066229877" />
  <Project Path="DecentChart/DecentChart.csproj" Id="1056bbbd-dd0b-4bda-8f2b-d9cddec12e84" />
  <Project Path="GeniusEngineers/GeniusEngineers.csproj" Id="8ab53604-d501-450b-8cf1-ea2fd7309b5c" />
  <Project Path="HeyHowAboutTheBasement/HeyHowAboutTheBasement.csproj" Id="d76dd996-a5ea-49ef-975d-1860e0c6bee9" />
  <Project Path="MoreHotkeys/MoreHotkeys.csproj" Id="ddf29596-af63-4293-95d0-1b49aaa9c057" />
  <Project Path="NuclearPlant/NuclearPlant.csproj" Id="f3f63e13-ab35-47d8-b8b5-376612bcebb3" />
  <Project Path="PlanetbaseModUtilities/PlanetbaseModUtilities.shproj" Id="2a2596f6-59d3-4f92-a33b-6e9bb2372bee" />
  <Project Path="RecycleHuman/RecycleHuman.csproj" Id="5dcbc29f-6bbb-4fc3-990c-23b6007f057b" />
  <Project Path="TestMod/TestMod.csproj" Id="e9067840-c6d8-4a33-88d3-6cadc9e5b00a" />
</Solution>
